{
  "name": "tag-is-stable",
  "version": "1.0.0",
  "lockfileVersion": 1,
  "requires": true,
  "dependencies": {
    "@actions/core": {
      "version": "1.9.0",
      "resolved": "https://registry.npmjs.org/@actions/core/-/core-1.9.0.tgz",
      "integrity": "sha512-5pbM693Ih59ZdUhgk+fts+bUWTnIdHV3kwOSr+QIoFHMLg7Gzhwm0cifDY/AG68ekEJAkHnQVpcy4f6GjmzBCA==",
      "requires": {
        "@actions/http-client": "^2.0.1"
      }
    },
    "@actions/http-client": {
      "version": "2.0.1",
      "resolved": "https://registry.npmjs.org/@actions/http-client/-/http-client-2.0.1.tgz",
      "integrity": "sha512-PIXiMVtz6VvyaRsGY268qvj57hXQEpsYogYOu2nrQhlf+XCGmZstmuZBbAybUl1nQGnvS1k1eEsQ69ZoD7xlSw==",
      "requires": {
        "tunnel": "^0.0.6"
      }
    },
    "semver": {
      "version": "6.3.0",
      "resolved": "https://registry.npmjs.org/semver/-/semver-6.3.0.tgz",
      "integrity": "sha512-b39TBaTSfV6yBrapU89p5fKekE2m/NwnDocOVruQFS1/veMgdzuPcnOM34M6CwxW8jH/lxEa5rBoDeUwu5HHTw=="
    },
    "semver-stable": {
      "version": "3.0.0",
      "resolved": "https://registry.npmjs.org/semver-stable/-/semver-stable-3.0.0.tgz",
      "integrity": "sha512-lolq9k0lqdnZ0C4+QJvrPBWiAHGhLaVSMTPJajn527ptOHAcZnEhj0n2r6ALnryNiRKPO9AIO9iBI3ZSheHCaw==",
      "requires": {
        "semver": "^6.3.0"
      }
    },
    "tunnel": {
      "version": "0.0.6",
      "resolved": "https://registry.npmjs.org/tunnel/-/tunnel-0.0.6.tgz",
      "integrity": "sha512-1h/Lnq9yajKY2PEbBadPXj3VxsDDu844OnaAo52UVmIzIvwwtBPIuNvkjuzBlTWpfJyUbG3ez0KSBibQkj4ojg=="
    }
  }
}
