{
  "name": "tag-is-stable",
  "version": "1.0.0",
  "lockfileVersion": 1,
  "requires": true,
  "dependencies": {
    "@actions/core": {
      "version": "1.2.0",
      "resolved": "https://registry.npmjs.org/@actions/core/-/core-1.2.0.tgz",
      "integrity": "sha512-ZKdyhlSlyz38S6YFfPnyNgCDZuAF2T0Qv5eHflNWytPS8Qjvz39bZFMry9Bb/dpSnqWcNeav5yM2CTYpJeY+Dw=="
    },
    "semver": {
      "version": "6.3.0",
      "resolved": "https://registry.npmjs.org/semver/-/semver-6.3.0.tgz",
      "integrity": "sha512-b39TBaTSfV6yBrapU89p5fKekE2m/NwnDocOVruQFS1/veMgdzuPcnOM34M6CwxW8jH/lxEa5rBoDeUwu5HHTw=="
    },
    "semver-stable": {
      "version": "3.0.0",
      "resolved": "https://registry.npmjs.org/semver-stable/-/semver-stable-3.0.0.tgz",
      "integrity": "sha512-lolq9k0lqdnZ0C4+QJvrPBWiAHGhLaVSMTPJajn527ptOHAcZnEhj0n2r6ALnryNiRKPO9AIO9iBI3ZSheHCaw==",
      "requires": {
        "semver": "^6.3.0"
      }
    }
  }
}
